
Microsoft Visual Studio Solution File, Format Version 12.00
# Visual Studio Version 17
VisualStudioVersion = 17.0.32014.148
MinimumVisualStudioVersion = 10.0.40219.1
Project("{9A19103F-16F7-4668-BE54-9A1E7A4F7556}") = "Channel-Native", "Channel-Native.csproj", "{E128BABD-46A8-471A-BEDA-DCE9A93EA09D}"
EndProject
Project("{9A19103F-16F7-4668-BE54-9A1E7A4F7556}") = "CQP", "..\CQP\CQP.csproj", "{73AB04B0-F3E4-4564-8D30-3C8A3B4A4F06}"
EndProject
Global
	GlobalSection(SolutionConfigurationPlatforms) = preSolution
		Debug|Any CPU = Debug|Any CPU
		Debug|x86 = Debug|x86
		Release|Any CPU = Release|Any CPU
		Release|x86 = Release|x86
	EndGlobalSection
	GlobalSection(ProjectConfigurationPlatforms) = postSolution
		{E128BABD-46A8-471A-BEDA-DCE9A93EA09D}.Debug|Any CPU.ActiveCfg = Debug|Any CPU
		{E128BABD-46A8-471A-BEDA-DCE9A93EA09D}.Debug|Any CPU.Build.0 = Debug|Any CPU
		{E128BABD-46A8-471A-BEDA-DCE9A93EA09D}.Debug|x86.ActiveCfg = Debug|x86
		{E128BABD-46A8-471A-BEDA-DCE9A93EA09D}.Debug|x86.Build.0 = Debug|x86
		{E128BABD-46A8-471A-BEDA-DCE9A93EA09D}.Release|Any CPU.ActiveCfg = Release|Any CPU
		{E128BABD-46A8-471A-BEDA-DCE9A93EA09D}.Release|Any CPU.Build.0 = Release|Any CPU
		{E128BABD-46A8-471A-BEDA-DCE9A93EA09D}.Release|x86.ActiveCfg = Release|x86
		{E128BABD-46A8-471A-BEDA-DCE9A93EA09D}.Release|x86.Build.0 = Release|x86
		{73AB04B0-F3E4-4564-8D30-3C8A3B4A4F06}.Debug|Any CPU.ActiveCfg = Debug|Any CPU
		{73AB04B0-F3E4-4564-8D30-3C8A3B4A4F06}.Debug|Any CPU.Build.0 = Debug|Any CPU
		{73AB04B0-F3E4-4564-8D30-3C8A3B4A4F06}.Debug|x86.ActiveCfg = Debug|Any CPU
		{73AB04B0-F3E4-4564-8D30-3C8A3B4A4F06}.Debug|x86.Build.0 = Debug|Any CPU
		{73AB04B0-F3E4-4564-8D30-3C8A3B4A4F06}.Release|Any CPU.ActiveCfg = Release|Any CPU
		{73AB04B0-F3E4-4564-8D30-3C8A3B4A4F06}.Release|Any CPU.Build.0 = Release|Any CPU
		{73AB04B0-F3E4-4564-8D30-3C8A3B4A4F06}.Release|x86.ActiveCfg = Release|Any CPU
		{73AB04B0-F3E4-4564-8D30-3C8A3B4A4F06}.Release|x86.Build.0 = Release|Any CPU
	EndGlobalSection
	GlobalSection(SolutionProperties) = preSolution
		HideSolutionNode = FALSE
	EndGlobalSection
	GlobalSection(ExtensibilityGlobals) = postSolution
		SolutionGuid = {3141D2E5-634B-465E-8126-B9A0E27EC195}
	EndGlobalSection
EndGlobal
